
Microsoft Visual Studio Solution File, Format Version 12.00
# Visual Studio Version 16
VisualStudioVersion = 16.0.28922.388
MinimumVisualStudioVersion = 10.0.40219.1
Project("{9A19103F-16F7-4668-BE54-9A1E7A4F7556}") = "Infrastructure", "src\Infrastructure\Infrastructure.csproj", "{DCB42FC8-6B1F-47AC-B19B-680607E25DBC}"
EndProject
Project("{9A19103F-16F7-4668-BE54-9A1E7A4F7556}") = "Infrastructure.Tests", "tests\Infrastructure.Tests\Infrastructure.Tests.csproj", "{7C68D4CA-6DCA-4477-80EA-9E8DB6AE573D}"
EndProject
Project("{2150E333-8FDC-42A3-9474-1A3956D46DE8}") = "4 - Infrastructure", "4 - Infrastructure", "{940B9B58-9672-49E0-9CF0-A8823B8C442F}"
EndProject
Project("{2150E333-8FDC-42A3-9474-1A3956D46DE8}") = "3 - Domain", "3 - Domain", "{32F3DD1F-37F8-4559-AFE7-7B7ED3B9AE50}"
EndProject
Project("{9A19103F-16F7-4668-BE54-9A1E7A4F7556}") = "Domain", "src\Domain\Domain.csproj", "{72508E61-9D73-4F94-9751-39D8C9AC10FC}"
EndProject
Project("{2150E333-8FDC-42A3-9474-1A3956D46DE8}") = "src", "src", "{D6380D34-5853-4CC8-BBC5-28F30F901C00}"
EndProject
Project("{2150E333-8FDC-42A3-9474-1A3956D46DE8}") = "tests", "tests", "{F7133947-992A-44E8-92E2-F97E093EB550}"
EndProject
Project("{9A19103F-16F7-4668-BE54-9A1E7A4F7556}") = "Tests.Commons", "tests\Tests.Commons\Tests.Commons.csproj", "{E49C0AFE-F600-40FA-8537-237AD4AAA701}"
EndProject
Project("{2150E333-8FDC-42A3-9474-1A3956D46DE8}") = "4 - Infrastructure", "4 - Infrastructure", "{ED31D1E8-FA1C-4EC9-B05C-B2C7F2587742}"
EndProject
Project("{2150E333-8FDC-42A3-9474-1A3956D46DE8}") = "5 - Crosscutting", "5 - Crosscutting", "{8A22FBE5-4311-4B3B-8A1B-3B4D26A553C0}"
EndProject
Project("{9A19103F-16F7-4668-BE54-9A1E7A4F7556}") = "Crosscutting", "src\Crosscutting\Crosscutting.csproj", "{92CCF266-755C-46D2-8DEB-5AFA0BA7A39B}"
EndProject
Project("{2150E333-8FDC-42A3-9474-1A3956D46DE8}") = "1 - Distributed", "1 - Distributed", "{7232140F-2FE3-47CE-AB8C-292CD5599E77}"
EndProject
Project("{9A19103F-16F7-4668-BE54-9A1E7A4F7556}") = "Distributed.WebApi", "src\Distributed.WebApi\Distributed.WebApi.csproj", "{6E6424A6-D133-4317-9E5F-4C96F0F79457}"
EndProject
Project("{2150E333-8FDC-42A3-9474-1A3956D46DE8}") = "samples", "samples", "{45A943A8-7EB8-44FB-9D50-A100CA137D77}"
EndProject
Project("{9A19103F-16F7-4668-BE54-9A1E7A4F7556}") = "Maije.SampleApi", "samples\Maije.SampleApi\Maije.SampleApi.csproj", "{F00F2BDE-E521-4EF0-9CFD-61898A04F9FE}"
EndProject
Project("{9A19103F-16F7-4668-BE54-9A1E7A4F7556}") = "Domain.Contracts", "src\Domain.Contracts\Domain.Contracts.csproj", "{37AB7A37-0537-41AE-91BD-F433E715C19A}"
EndProject
Project("{2150E333-8FDC-42A3-9474-1A3956D46DE8}") = "1 - Distributed", "1 - Distributed", "{58730D4E-A20E-4694-9D34-A07E80E58DD9}"
EndProject
Project("{9A19103F-16F7-4668-BE54-9A1E7A4F7556}") = "Distributed.Tests", "tests\Distributed.Tests\Distributed.Tests.csproj", "{14982E90-E0DD-48A6-95B6-CEF6955EF30A}"
EndProject
Project("{2150E333-8FDC-42A3-9474-1A3956D46DE8}") = "2 - AppService", "2 - AppService", "{D610A0C0-7112-4D2E-A5C6-64141AC2C089}"
EndProject
Project("{9A19103F-16F7-4668-BE54-9A1E7A4F7556}") = "AppService", "src\AppService\AppService.csproj", "{5D8143EF-BFF8-4663-929F-16E123DCD06C}"
EndProject
Project("{9A19103F-16F7-4668-BE54-9A1E7A4F7556}") = "AppService.Dto", "src\AppService.Dto\AppService.Dto.csproj", "{85570DD5-DF3A-4E16-AAB0-0A4C702A35B3}"
EndProject
Project("{9A19103F-16F7-4668-BE54-9A1E7A4F7556}") = "Distributed.Health", "src\Distributed.Health\Distributed.Health.csproj", "{7B6B8A9A-7167-4194-A79C-995CA4F264D2}"
EndProject
Project("{FAE04EC0-301F-11D3-BF4B-00C04F79EFBC}") = "Distributed.Documentation", "src\Distributed.Documentation\Distributed.Documentation.csproj", "{F60FA8C6-38F6-4329-891A-2C6CCC83DA7E}"
EndProject
Global
	GlobalSection(SolutionConfigurationPlatforms) = preSolution
		Debug|Any CPU = Debug|Any CPU
		Release|Any CPU = Release|Any CPU
	EndGlobalSection
	GlobalSection(ProjectConfigurationPlatforms) = postSolution
		{DCB42FC8-6B1F-47AC-B19B-680607E25DBC}.Debug|Any CPU.ActiveCfg = Debug|Any CPU
		{DCB42FC8-6B1F-47AC-B19B-680607E25DBC}.Debug|Any CPU.Build.0 = Debug|Any CPU
		{DCB42FC8-6B1F-47AC-B19B-680607E25DBC}.Release|Any CPU.ActiveCfg = Release|Any CPU
		{DCB42FC8-6B1F-47AC-B19B-680607E25DBC}.Release|Any CPU.Build.0 = Release|Any CPU
		{7C68D4CA-6DCA-4477-80EA-9E8DB6AE573D}.Debug|Any CPU.ActiveCfg = Debug|Any CPU
		{7C68D4CA-6DCA-4477-80EA-9E8DB6AE573D}.Debug|Any CPU.Build.0 = Debug|Any CPU
		{7C68D4CA-6DCA-4477-80EA-9E8DB6AE573D}.Release|Any CPU.ActiveCfg = Release|Any CPU
		{7C68D4CA-6DCA-4477-80EA-9E8DB6AE573D}.Release|Any CPU.Build.0 = Release|Any CPU
		{72508E61-9D73-4F94-9751-39D8C9AC10FC}.Debug|Any CPU.ActiveCfg = Debug|Any CPU
		{72508E61-9D73-4F94-9751-39D8C9AC10FC}.Debug|Any CPU.Build.0 = Debug|Any CPU
		{72508E61-9D73-4F94-9751-39D8C9AC10FC}.Release|Any CPU.ActiveCfg = Release|Any CPU
		{72508E61-9D73-4F94-9751-39D8C9AC10FC}.Release|Any CPU.Build.0 = Release|Any CPU
		{E49C0AFE-F600-40FA-8537-237AD4AAA701}.Debug|Any CPU.ActiveCfg = Debug|Any CPU
		{E49C0AFE-F600-40FA-8537-237AD4AAA701}.Debug|Any CPU.Build.0 = Debug|Any CPU
		{E49C0AFE-F600-40FA-8537-237AD4AAA701}.Release|Any CPU.ActiveCfg = Release|Any CPU
		{E49C0AFE-F600-40FA-8537-237AD4AAA701}.Release|Any CPU.Build.0 = Release|Any CPU
		{92CCF266-755C-46D2-8DEB-5AFA0BA7A39B}.Debug|Any CPU.ActiveCfg = Debug|Any CPU
		{92CCF266-755C-46D2-8DEB-5AFA0BA7A39B}.Debug|Any CPU.Build.0 = Debug|Any CPU
		{92CCF266-755C-46D2-8DEB-5AFA0BA7A39B}.Release|Any CPU.ActiveCfg = Release|Any CPU
		{92CCF266-755C-46D2-8DEB-5AFA0BA7A39B}.Release|Any CPU.Build.0 = Release|Any CPU
		{6E6424A6-D133-4317-9E5F-4C96F0F79457}.Debug|Any CPU.ActiveCfg = Debug|Any CPU
		{6E6424A6-D133-4317-9E5F-4C96F0F79457}.Debug|Any CPU.Build.0 = Debug|Any CPU
		{6E6424A6-D133-4317-9E5F-4C96F0F79457}.Release|Any CPU.ActiveCfg = Release|Any CPU
		{6E6424A6-D133-4317-9E5F-4C96F0F79457}.Release|Any CPU.Build.0 = Release|Any CPU
		{F00F2BDE-E521-4EF0-9CFD-61898A04F9FE}.Debug|Any CPU.ActiveCfg = Debug|Any CPU
		{F00F2BDE-E521-4EF0-9CFD-61898A04F9FE}.Debug|Any CPU.Build.0 = Debug|Any CPU
		{F00F2BDE-E521-4EF0-9CFD-61898A04F9FE}.Release|Any CPU.ActiveCfg = Release|Any CPU
		{F00F2BDE-E521-4EF0-9CFD-61898A04F9FE}.Release|Any CPU.Build.0 = Release|Any CPU
		{37AB7A37-0537-41AE-91BD-F433E715C19A}.Debug|Any CPU.ActiveCfg = Debug|Any CPU
		{37AB7A37-0537-41AE-91BD-F433E715C19A}.Debug|Any CPU.Build.0 = Debug|Any CPU
		{37AB7A37-0537-41AE-91BD-F433E715C19A}.Release|Any CPU.ActiveCfg = Release|Any CPU
		{37AB7A37-0537-41AE-91BD-F433E715C19A}.Release|Any CPU.Build.0 = Release|Any CPU
		{14982E90-E0DD-48A6-95B6-CEF6955EF30A}.Debug|Any CPU.ActiveCfg = Debug|Any CPU
		{14982E90-E0DD-48A6-95B6-CEF6955EF30A}.Debug|Any CPU.Build.0 = Debug|Any CPU
		{14982E90-E0DD-48A6-95B6-CEF6955EF30A}.Release|Any CPU.ActiveCfg = Release|Any CPU
		{14982E90-E0DD-48A6-95B6-CEF6955EF30A}.Release|Any CPU.Build.0 = Release|Any CPU
		{5D8143EF-BFF8-4663-929F-16E123DCD06C}.Debug|Any CPU.ActiveCfg = Debug|Any CPU
		{5D8143EF-BFF8-4663-929F-16E123DCD06C}.Debug|Any CPU.Build.0 = Debug|Any CPU
		{5D8143EF-BFF8-4663-929F-16E123DCD06C}.Release|Any CPU.ActiveCfg = Release|Any CPU
		{5D8143EF-BFF8-4663-929F-16E123DCD06C}.Release|Any CPU.Build.0 = Release|Any CPU
		{85570DD5-DF3A-4E16-AAB0-0A4C702A35B3}.Debug|Any CPU.ActiveCfg = Debug|Any CPU
		{85570DD5-DF3A-4E16-AAB0-0A4C702A35B3}.Debug|Any CPU.Build.0 = Debug|Any CPU
		{85570DD5-DF3A-4E16-AAB0-0A4C702A35B3}.Release|Any CPU.ActiveCfg = Release|Any CPU
		{85570DD5-DF3A-4E16-AAB0-0A4C702A35B3}.Release|Any CPU.Build.0 = Release|Any CPU
		{7B6B8A9A-7167-4194-A79C-995CA4F264D2}.Debug|Any CPU.ActiveCfg = Debug|Any CPU
		{7B6B8A9A-7167-4194-A79C-995CA4F264D2}.Debug|Any CPU.Build.0 = Debug|Any CPU
		{7B6B8A9A-7167-4194-A79C-995CA4F264D2}.Release|Any CPU.ActiveCfg = Release|Any CPU
		{7B6B8A9A-7167-4194-A79C-995CA4F264D2}.Release|Any CPU.Build.0 = Release|Any CPU
		{F60FA8C6-38F6-4329-891A-2C6CCC83DA7E}.Debug|Any CPU.ActiveCfg = Debug|Any CPU
		{F60FA8C6-38F6-4329-891A-2C6CCC83DA7E}.Debug|Any CPU.Build.0 = Debug|Any CPU
		{F60FA8C6-38F6-4329-891A-2C6CCC83DA7E}.Release|Any CPU.ActiveCfg = Release|Any CPU
		{F60FA8C6-38F6-4329-891A-2C6CCC83DA7E}.Release|Any CPU.Build.0 = Release|Any CPU
	EndGlobalSection
	GlobalSection(SolutionProperties) = preSolution
		HideSolutionNode = FALSE
	EndGlobalSection
	GlobalSection(NestedProjects) = preSolution
		{DCB42FC8-6B1F-47AC-B19B-680607E25DBC} = {940B9B58-9672-49E0-9CF0-A8823B8C442F}
		{7C68D4CA-6DCA-4477-80EA-9E8DB6AE573D} = {ED31D1E8-FA1C-4EC9-B05C-B2C7F2587742}
		{940B9B58-9672-49E0-9CF0-A8823B8C442F} = {D6380D34-5853-4CC8-BBC5-28F30F901C00}
		{32F3DD1F-37F8-4559-AFE7-7B7ED3B9AE50} = {D6380D34-5853-4CC8-BBC5-28F30F901C00}
		{72508E61-9D73-4F94-9751-39D8C9AC10FC} = {32F3DD1F-37F8-4559-AFE7-7B7ED3B9AE50}
		{E49C0AFE-F600-40FA-8537-237AD4AAA701} = {F7133947-992A-44E8-92E2-F97E093EB550}
		{ED31D1E8-FA1C-4EC9-B05C-B2C7F2587742} = {F7133947-992A-44E8-92E2-F97E093EB550}
		{8A22FBE5-4311-4B3B-8A1B-3B4D26A553C0} = {D6380D34-5853-4CC8-BBC5-28F30F901C00}
		{92CCF266-755C-46D2-8DEB-5AFA0BA7A39B} = {8A22FBE5-4311-4B3B-8A1B-3B4D26A553C0}
		{7232140F-2FE3-47CE-AB8C-292CD5599E77} = {D6380D34-5853-4CC8-BBC5-28F30F901C00}
		{6E6424A6-D133-4317-9E5F-4C96F0F79457} = {7232140F-2FE3-47CE-AB8C-292CD5599E77}
		{F00F2BDE-E521-4EF0-9CFD-61898A04F9FE} = {45A943A8-7EB8-44FB-9D50-A100CA137D77}
		{37AB7A37-0537-41AE-91BD-F433E715C19A} = {32F3DD1F-37F8-4559-AFE7-7B7ED3B9AE50}
		{58730D4E-A20E-4694-9D34-A07E80E58DD9} = {F7133947-992A-44E8-92E2-F97E093EB550}
		{14982E90-E0DD-48A6-95B6-CEF6955EF30A} = {58730D4E-A20E-4694-9D34-A07E80E58DD9}
		{D610A0C0-7112-4D2E-A5C6-64141AC2C089} = {D6380D34-5853-4CC8-BBC5-28F30F901C00}
		{5D8143EF-BFF8-4663-929F-16E123DCD06C} = {D610A0C0-7112-4D2E-A5C6-64141AC2C089}
		{85570DD5-DF3A-4E16-AAB0-0A4C702A35B3} = {D610A0C0-7112-4D2E-A5C6-64141AC2C089}
		{7B6B8A9A-7167-4194-A79C-995CA4F264D2} = {7232140F-2FE3-47CE-AB8C-292CD5599E77}
		{F60FA8C6-38F6-4329-891A-2C6CCC83DA7E} = {7232140F-2FE3-47CE-AB8C-292CD5599E77}
	EndGlobalSection
	GlobalSection(ExtensibilityGlobals) = postSolution
		SolutionGuid = {F13D499E-DBF7-4509-9475-D1979EE064B7}
	EndGlobalSection
EndGlobal
